
Microsoft Visual Studio Solution File, Format Version 11.00
# Visual Studio 2010
Project("{FAE04EC0-301F-11D3-BF4B-00C04F79EFBC}") = "myAlarmSystem", "myAlarmSystem\myAlarmSystem.csproj", "{CC415E31-2B6C-4723-A191-74BE6A861A3F}"
EndProject
Global
	GlobalSection(SolutionConfigurationPlatforms) = preSolution
		Debug|x86 = Debug|x86
		Release|x86 = Release|x86
	EndGlobalSection
	GlobalSection(ProjectConfigurationPlatforms) = postSolution
		{CC415E31-2B6C-4723-A191-74BE6A861A3F}.Debug|x86.ActiveCfg = Debug|x86
		{CC415E31-2B6C-4723-A191-74BE6A861A3F}.Debug|x86.Build.0 = Debug|x86
		{CC415E31-2B6C-4723-A191-74BE6A861A3F}.Release|x86.ActiveCfg = Release|x86
		{CC415E31-2B6C-4723-A191-74BE6A861A3F}.Release|x86.Build.0 = Release|x86
	EndGlobalSection
	GlobalSection(SolutionProperties) = preSolution
		HideSolutionNode = FALSE
	EndGlobalSection
EndGlobal
